{
	"name": "cjs",
	"lockfileVersion": 2,
	"requires": true,
	"packages": {
		"": {
			"dependencies": {
				"npm-project": "file:../.."
			}
		},
		"../..": {
			"version": "0.0.0",
			"dependencies": {
				"replace-in-file": "^6.2.0"
			},
			"devDependencies": {
				"rugged": "file:../.."
			}
		},
		"node_modules/npm-project": {
			"resolved": "../..",
			"link": true
		}
	},
	"dependencies": {
		"npm-project": {
			"version": "file:../..",
			"requires": {
				"replace-in-file": "^6.2.0",
				"rugged": "file:../.."
			}
		}
	}
}
