{
	"name": "cjs",
	"lockfileVersion": 2,
	"requires": true,
	"packages": {
		"": {
			"dependencies": {
				"javascript-project": "file:../.."
			}
		},
		"../..": {
			"version": "0.0.0"
		},
		"node_modules/javascript-project": {
			"resolved": "../..",
			"link": true
		}
	},
	"dependencies": {
		"javascript-project": {
			"version": "file:../.."
		}
	}
}
